{
  "requires": true,
  "lockfileVersion": 1,
  "dependencies": {
    "bootstrap": {
      "version": "4.5.3",
      "resolved": "https://registry.npmjs.org/bootstrap/-/bootstrap-4.5.3.tgz",
      "integrity": "sha512-o9ppKQioXGqhw8Z7mah6KdTYpNQY//tipnkxppWhPbiSWdD+1raYsnhwEZjkTHYbGee4cVQ0Rx65EhOY/HNLcQ=="
    },
    "tether": {
      "version": "1.4.7",
      "resolved": "https://registry.npmjs.org/tether/-/tether-1.4.7.tgz",
      "integrity": "sha512-Z0J1aExjoFU8pybVkQAo/vD2wfSO63r+XOPfWQMC5qtf1bI7IWqNk4MiyBcgvvnY8kqnY06dVdvwTK2S3PU/Fw=="
    }
  }
}
